
Microsoft Visual Studio Solution File, Format Version 12.00
# Visual Studio Version 17
VisualStudioVersion = 17.2.32630.192
MinimumVisualStudioVersion = 10.0.40219.1
Project("{FAE04EC0-301F-11D3-BF4B-00C04F79EFBC}") = "ChatServer", "ChatServer\ChatServer.csproj", "{B0BE37AE-D6C7-4DF8-9935-A3F006F32E89}"
EndProject
Global
	GlobalSection(SolutionConfigurationPlatforms) = preSolution
		Debug|Any CPU = Debug|Any CPU
		Release|Any CPU = Release|Any CPU
	EndGlobalSection
	GlobalSection(ProjectConfigurationPlatforms) = postSolution
		{B0BE37AE-D6C7-4DF8-9935-A3F006F32E89}.Debug|Any CPU.ActiveCfg = Debug|Any CPU
		{B0BE37AE-D6C7-4DF8-9935-A3F006F32E89}.Debug|Any CPU.Build.0 = Debug|Any CPU
		{B0BE37AE-D6C7-4DF8-9935-A3F006F32E89}.Release|Any CPU.ActiveCfg = Release|Any CPU
		{B0BE37AE-D6C7-4DF8-9935-A3F006F32E89}.Release|Any CPU.Build.0 = Release|Any CPU
	EndGlobalSection
	GlobalSection(SolutionProperties) = preSolution
		HideSolutionNode = FALSE
	EndGlobalSection
	GlobalSection(ExtensibilityGlobals) = postSolution
		SolutionGuid = {B62F9895-B4D0-4124-BAA6-394148CF4DDA}
	EndGlobalSection
EndGlobal
